
Microsoft Visual Studio Solution File, Format Version 12.00
# Visual Studio Version 17
VisualStudioVersion = 17.4.33110.190
MinimumVisualStudioVersion = 10.0.40219.1
Project("{9A19103F-16F7-4668-BE54-9A1E7A4F7556}") = "SHA256RSA", "SHA256RSA\SHA256RSA.csproj", "{0E26DE25-9497-4BD2-9F5A-3C96111D16F9}"
EndProject
Project("{9A19103F-16F7-4668-BE54-9A1E7A4F7556}") = "PublicPrivateKey", "PublicPrivateKey\PublicPrivateKey.csproj", "{A9CEDBF7-9A1C-45B1-9CC1-8DE74FD3B5D6}"
EndProject
Project("{9A19103F-16F7-4668-BE54-9A1E7A4F7556}") = "KeyWithSeedValue", "KeyWithSeedValue\KeyWithSeedValue.csproj", "{5D1F9E31-F5C4-4660-9F45-500657F78F4C}"
EndProject
Project("{FAE04EC0-301F-11D3-BF4B-00C04F79EFBC}") = "rsaStringValue", "ConsoleApp1\rsaStringValue.csproj", "{DE17E1DB-ABFC-4586-924E-308E7729C98F}"
EndProject
Global
	GlobalSection(SolutionConfigurationPlatforms) = preSolution
		Debug|Any CPU = Debug|Any CPU
		Release|Any CPU = Release|Any CPU
	EndGlobalSection
	GlobalSection(ProjectConfigurationPlatforms) = postSolution
		{0E26DE25-9497-4BD2-9F5A-3C96111D16F9}.Debug|Any CPU.ActiveCfg = Debug|Any CPU
		{0E26DE25-9497-4BD2-9F5A-3C96111D16F9}.Debug|Any CPU.Build.0 = Debug|Any CPU
		{0E26DE25-9497-4BD2-9F5A-3C96111D16F9}.Release|Any CPU.ActiveCfg = Release|Any CPU
		{0E26DE25-9497-4BD2-9F5A-3C96111D16F9}.Release|Any CPU.Build.0 = Release|Any CPU
		{A9CEDBF7-9A1C-45B1-9CC1-8DE74FD3B5D6}.Debug|Any CPU.ActiveCfg = Debug|Any CPU
		{A9CEDBF7-9A1C-45B1-9CC1-8DE74FD3B5D6}.Debug|Any CPU.Build.0 = Debug|Any CPU
		{A9CEDBF7-9A1C-45B1-9CC1-8DE74FD3B5D6}.Release|Any CPU.ActiveCfg = Release|Any CPU
		{A9CEDBF7-9A1C-45B1-9CC1-8DE74FD3B5D6}.Release|Any CPU.Build.0 = Release|Any CPU
		{5D1F9E31-F5C4-4660-9F45-500657F78F4C}.Debug|Any CPU.ActiveCfg = Debug|Any CPU
		{5D1F9E31-F5C4-4660-9F45-500657F78F4C}.Debug|Any CPU.Build.0 = Debug|Any CPU
		{5D1F9E31-F5C4-4660-9F45-500657F78F4C}.Release|Any CPU.ActiveCfg = Release|Any CPU
		{5D1F9E31-F5C4-4660-9F45-500657F78F4C}.Release|Any CPU.Build.0 = Release|Any CPU
		{DE17E1DB-ABFC-4586-924E-308E7729C98F}.Debug|Any CPU.ActiveCfg = Debug|Any CPU
		{DE17E1DB-ABFC-4586-924E-308E7729C98F}.Debug|Any CPU.Build.0 = Debug|Any CPU
		{DE17E1DB-ABFC-4586-924E-308E7729C98F}.Release|Any CPU.ActiveCfg = Release|Any CPU
		{DE17E1DB-ABFC-4586-924E-308E7729C98F}.Release|Any CPU.Build.0 = Release|Any CPU
	EndGlobalSection
	GlobalSection(SolutionProperties) = preSolution
		HideSolutionNode = FALSE
	EndGlobalSection
	GlobalSection(ExtensibilityGlobals) = postSolution
		SolutionGuid = {21F6C04E-93A6-4408-A5FD-2532AC8E7394}
	EndGlobalSection
EndGlobal
